
Microsoft Visual Studio Solution File, Format Version 12.00
# Visual Studio 15
VisualStudioVersion = 15.0.25807.0
MinimumVisualStudioVersion = 10.0.40219.1
Project("{2150E333-8FDC-42A3-9474-1A3956D46DE8}") = "Engine", "Engine", "{00BACDE5-88DB-4E40-AC4A-6CFFC577248E}"
EndProject
Project("{2150E333-8FDC-42A3-9474-1A3956D46DE8}") = "Games", "Games", "{33D51641-7F84-4F56-9FF7-5BC8E57D977B}"
EndProject
Project("{8BC9CEB8-8B4A-11D0-8D11-00A0C91BC942}") = "UE4", "Intermediate\ProjectFiles\UE4.vcxproj", "{94E165F6-86A5-4B53-B1AE-98605C185341}"
EndProject
Project("{8BC9CEB8-8B4A-11D0-8D11-00A0C91BC942}") = "SZ", "Intermediate\ProjectFiles\SZ.vcxproj", "{3002043A-5149-454A-AAD3-DCCE4E3DF856}"
EndProject
Project("{2150E333-8FDC-42A3-9474-1A3956D46DE8}") = "Visualizers", "Visualizers", "{F042AF60-41A8-4868-A377-21D59CE15F67}"
	ProjectSection(SolutionItems) = preProject
		..\..\..\..\..\Program Files\Epic Games\UE_4.22\Engine\Extras\VisualStudioDebugging\UE4.natvis = ..\..\..\..\..\Program Files\Epic Games\UE_4.22\Engine\Extras\VisualStudioDebugging\UE4.natvis
	EndProjectSection
EndProject
Global
	GlobalSection(SolutionConfigurationPlatforms) = preSolution
		DebugGame Editor|HTML5 = DebugGame Editor|HTML5
		DebugGame Editor|Win32 = DebugGame Editor|Win32
		DebugGame Editor|Win64 = DebugGame Editor|Win64
		DebugGame|HTML5 = DebugGame|HTML5
		DebugGame|Win32 = DebugGame|Win32
		DebugGame|Win64 = DebugGame|Win64
		Development Editor|HTML5 = Development Editor|HTML5
		Development Editor|Win32 = Development Editor|Win32
		Development Editor|Win64 = Development Editor|Win64
		Development|HTML5 = Development|HTML5
		Development|Win32 = Development|Win32
		Development|Win64 = Development|Win64
		Shipping|HTML5 = Shipping|HTML5
		Shipping|Win32 = Shipping|Win32
		Shipping|Win64 = Shipping|Win64
	EndGlobalSection
	GlobalSection(ProjectConfigurationPlatforms) = postSolution
		{94E165F6-86A5-4B53-B1AE-98605C185341}.DebugGame Editor|HTML5.ActiveCfg = BuiltWithUnrealBuildTool|Win32
		{94E165F6-86A5-4B53-B1AE-98605C185341}.DebugGame Editor|Win32.ActiveCfg = BuiltWithUnrealBuildTool|Win32
		{94E165F6-86A5-4B53-B1AE-98605C185341}.DebugGame Editor|Win64.ActiveCfg = BuiltWithUnrealBuildTool|Win32
		{94E165F6-86A5-4B53-B1AE-98605C185341}.DebugGame|HTML5.ActiveCfg = BuiltWithUnrealBuildTool|Win32
		{94E165F6-86A5-4B53-B1AE-98605C185341}.DebugGame|Win32.ActiveCfg = BuiltWithUnrealBuildTool|Win32
		{94E165F6-86A5-4B53-B1AE-98605C185341}.DebugGame|Win64.ActiveCfg = BuiltWithUnrealBuildTool|Win32
		{94E165F6-86A5-4B53-B1AE-98605C185341}.Development Editor|HTML5.ActiveCfg = BuiltWithUnrealBuildTool|Win32
		{94E165F6-86A5-4B53-B1AE-98605C185341}.Development Editor|Win32.ActiveCfg = BuiltWithUnrealBuildTool|Win32
		{94E165F6-86A5-4B53-B1AE-98605C185341}.Development Editor|Win64.ActiveCfg = BuiltWithUnrealBuildTool|Win32
		{94E165F6-86A5-4B53-B1AE-98605C185341}.Development|HTML5.ActiveCfg = BuiltWithUnrealBuildTool|Win32
		{94E165F6-86A5-4B53-B1AE-98605C185341}.Development|Win32.ActiveCfg = BuiltWithUnrealBuildTool|Win32
		{94E165F6-86A5-4B53-B1AE-98605C185341}.Development|Win64.ActiveCfg = BuiltWithUnrealBuildTool|Win32
		{94E165F6-86A5-4B53-B1AE-98605C185341}.Shipping|HTML5.ActiveCfg = BuiltWithUnrealBuildTool|Win32
		{94E165F6-86A5-4B53-B1AE-98605C185341}.Shipping|Win32.ActiveCfg = BuiltWithUnrealBuildTool|Win32
		{94E165F6-86A5-4B53-B1AE-98605C185341}.Shipping|Win64.ActiveCfg = BuiltWithUnrealBuildTool|Win32
		{3002043A-5149-454A-AAD3-DCCE4E3DF856}.DebugGame Editor|HTML5.ActiveCfg = Invalid|Win32
		{3002043A-5149-454A-AAD3-DCCE4E3DF856}.DebugGame Editor|Win32.ActiveCfg = Invalid|Win32
		{3002043A-5149-454A-AAD3-DCCE4E3DF856}.DebugGame Editor|Win64.ActiveCfg = DebugGame_Editor|x64
		{3002043A-5149-454A-AAD3-DCCE4E3DF856}.DebugGame Editor|Win64.Build.0 = DebugGame_Editor|x64
		{3002043A-5149-454A-AAD3-DCCE4E3DF856}.DebugGame|HTML5.ActiveCfg = HTML5_DebugGame|Win32
		{3002043A-5149-454A-AAD3-DCCE4E3DF856}.DebugGame|HTML5.Build.0 = HTML5_DebugGame|Win32
		{3002043A-5149-454A-AAD3-DCCE4E3DF856}.DebugGame|Win32.ActiveCfg = DebugGame|Win32
		{3002043A-5149-454A-AAD3-DCCE4E3DF856}.DebugGame|Win32.Build.0 = DebugGame|Win32
		{3002043A-5149-454A-AAD3-DCCE4E3DF856}.DebugGame|Win64.ActiveCfg = DebugGame|x64
		{3002043A-5149-454A-AAD3-DCCE4E3DF856}.DebugGame|Win64.Build.0 = DebugGame|x64
		{3002043A-5149-454A-AAD3-DCCE4E3DF856}.Development Editor|HTML5.ActiveCfg = Invalid|Win32
		{3002043A-5149-454A-AAD3-DCCE4E3DF856}.Development Editor|Win32.ActiveCfg = Invalid|Win32
		{3002043A-5149-454A-AAD3-DCCE4E3DF856}.Development Editor|Win64.ActiveCfg = Development_Editor|x64
		{3002043A-5149-454A-AAD3-DCCE4E3DF856}.Development Editor|Win64.Build.0 = Development_Editor|x64
		{3002043A-5149-454A-AAD3-DCCE4E3DF856}.Development|HTML5.ActiveCfg = HTML5_Development|Win32
		{3002043A-5149-454A-AAD3-DCCE4E3DF856}.Development|HTML5.Build.0 = HTML5_Development|Win32
		{3002043A-5149-454A-AAD3-DCCE4E3DF856}.Development|Win32.ActiveCfg = Development|Win32
		{3002043A-5149-454A-AAD3-DCCE4E3DF856}.Development|Win32.Build.0 = Development|Win32
		{3002043A-5149-454A-AAD3-DCCE4E3DF856}.Development|Win64.ActiveCfg = Development|x64
		{3002043A-5149-454A-AAD3-DCCE4E3DF856}.Development|Win64.Build.0 = Development|x64
		{3002043A-5149-454A-AAD3-DCCE4E3DF856}.Shipping|HTML5.ActiveCfg = HTML5_Shipping|Win32
		{3002043A-5149-454A-AAD3-DCCE4E3DF856}.Shipping|HTML5.Build.0 = HTML5_Shipping|Win32
		{3002043A-5149-454A-AAD3-DCCE4E3DF856}.Shipping|Win32.ActiveCfg = Shipping|Win32
		{3002043A-5149-454A-AAD3-DCCE4E3DF856}.Shipping|Win32.Build.0 = Shipping|Win32
		{3002043A-5149-454A-AAD3-DCCE4E3DF856}.Shipping|Win64.ActiveCfg = Shipping|x64
		{3002043A-5149-454A-AAD3-DCCE4E3DF856}.Shipping|Win64.Build.0 = Shipping|x64
	EndGlobalSection
	GlobalSection(SolutionProperties) = preSolution
		HideSolutionNode = FALSE
	EndGlobalSection
	GlobalSection(NestedProjects) = preSolution
		{94E165F6-86A5-4B53-B1AE-98605C185341} = {00BACDE5-88DB-4E40-AC4A-6CFFC577248E}
		{3002043A-5149-454A-AAD3-DCCE4E3DF856} = {33D51641-7F84-4F56-9FF7-5BC8E57D977B}
	EndGlobalSection
EndGlobal
